
Microsoft Visual Studio Solution File, Format Version 12.00
# Visual Studio 2012
Project("{FAE04EC0-301F-11D3-BF4B-00C04F79EFBC}") = "S-Innovations.Composite", "S-Innovations.Composite\S-Innovations.Composite.csproj", "{5C7B0A84-153E-4FAC-819C-EEE613252C3D}"
EndProject
Project("{FAE04EC0-301F-11D3-BF4B-00C04F79EFBC}") = "S-Innovations.Composite.Tests", "S-Innovations.Composite.Tests\S-Innovations.Composite.Tests.csproj", "{8FF7ABD0-6141-4D3B-BFA8-D069ABB3837E}"
EndProject
Global
	GlobalSection(SolutionConfigurationPlatforms) = preSolution
		Debug|Any CPU = Debug|Any CPU
		Release|Any CPU = Release|Any CPU
	EndGlobalSection
	GlobalSection(ProjectConfigurationPlatforms) = postSolution
		{5C7B0A84-153E-4FAC-819C-EEE613252C3D}.Debug|Any CPU.ActiveCfg = Debug|Any CPU
		{5C7B0A84-153E-4FAC-819C-EEE613252C3D}.Debug|Any CPU.Build.0 = Debug|Any CPU
		{5C7B0A84-153E-4FAC-819C-EEE613252C3D}.Release|Any CPU.ActiveCfg = Release|Any CPU
		{5C7B0A84-153E-4FAC-819C-EEE613252C3D}.Release|Any CPU.Build.0 = Release|Any CPU
		{8FF7ABD0-6141-4D3B-BFA8-D069ABB3837E}.Debug|Any CPU.ActiveCfg = Debug|Any CPU
		{8FF7ABD0-6141-4D3B-BFA8-D069ABB3837E}.Debug|Any CPU.Build.0 = Debug|Any CPU
		{8FF7ABD0-6141-4D3B-BFA8-D069ABB3837E}.Release|Any CPU.ActiveCfg = Release|Any CPU
		{8FF7ABD0-6141-4D3B-BFA8-D069ABB3837E}.Release|Any CPU.Build.0 = Release|Any CPU
	EndGlobalSection
	GlobalSection(SolutionProperties) = preSolution
		HideSolutionNode = FALSE
	EndGlobalSection
EndGlobal
